// !$*UTF8*$!
{
	archiveVersion = 1;
	classes = {
	};
	objectVersion = 56;
	objects = {

/* Begin PBXBuildFile section */
		052D81BB2BBD40C500C8BB26 /* ExploreFilterView.swift in Sources */ = {isa = PBXBuildFile; fileRef = 052D81BA2BBD40C500C8BB26 /* ExploreFilterView.swift */; };
		052D81BF2BBD410200C8BB26 /* ExploreListView.swift in Sources */ = {isa = PBXBuildFile; fileRef = 052D81BE2BBD410200C8BB26 /* ExploreListView.swift */; };
		054EB46D2BBDCDBF00DCC398 /* ExploreView.swift in Sources */ = {isa = PBXBuildFile; fileRef = 054EB46C2BBDCDBF00DCC398 /* ExploreView.swift */; };
		054EB46F2BBDD5EA00DCC398 /* BookmarkView.swift in Sources */ = {isa = PBXBuildFile; fileRef = 054EB46E2BBDD5EA00DCC398 /* BookmarkView.swift */; };
		054EB4712BBDDB5E00DCC398 /* SavedRecipeView.swift in Sources */ = {isa = PBXBuildFile; fileRef = 054EB4702BBDDB5E00DCC398 /* SavedRecipeView.swift */; };
		054EB4732BBDDE0A00DCC398 /* LeftRadius.swift in Sources */ = {isa = PBXBuildFile; fileRef = 054EB4722BBDDE0A00DCC398 /* LeftRadius.swift */; };
		054EB4752BBDDEB600DCC398 /* RightRadius.swift in Sources */ = {isa = PBXBuildFile; fileRef = 054EB4742BBDDEB600DCC398 /* RightRadius.swift */; };
		054EB4772BBE0C6700DCC398 /* SavedDeckView.swift in Sources */ = {isa = PBXBuildFile; fileRef = 054EB4762BBE0C6700DCC398 /* SavedDeckView.swift */; };
		2E701F0D2BAFDCE400EF65FA /* KosKitaApp.swift in Sources */ = {isa = PBXBuildFile; fileRef = 2E701F0C2BAFDCE400EF65FA /* KosKitaApp.swift */; };
		2E701F112BAFDCE600EF65FA /* Assets.xcassets in Resources */ = {isa = PBXBuildFile; fileRef = 2E701F102BAFDCE600EF65FA /* Assets.xcassets */; };
		2E701F142BAFDCE600EF65FA /* Preview Assets.xcassets in Resources */ = {isa = PBXBuildFile; fileRef = 2E701F132BAFDCE600EF65FA /* Preview Assets.xcassets */; };
		2E701F1F2BAFDE4C00EF65FA /* RecipeModel.swift in Sources */ = {isa = PBXBuildFile; fileRef = 2E701F1E2BAFDE4C00EF65FA /* RecipeModel.swift */; };
		2E701F212BAFE08800EF65FA /* RecipeViewModel.swift in Sources */ = {isa = PBXBuildFile; fileRef = 2E701F202BAFE08800EF65FA /* RecipeViewModel.swift */; };
		2E701F232BAFE65200EF65FA /* RecipeList.swift in Sources */ = {isa = PBXBuildFile; fileRef = 2E701F222BAFE65200EF65FA /* RecipeList.swift */; };
		2E701F252BAFE91E00EF65FA /* MainView.swift in Sources */ = {isa = PBXBuildFile; fileRef = 2E701F242BAFE91E00EF65FA /* MainView.swift */; };
		2E701F2E2BB3EAA400EF65FA /* DeckModel.swift in Sources */ = {isa = PBXBuildFile; fileRef = 2E701F2D2BB3EAA400EF65FA /* DeckModel.swift */; };
		2E701F302BB3ECD500EF65FA /* DeckViewModel.swift in Sources */ = {isa = PBXBuildFile; fileRef = 2E701F2F2BB3ECD500EF65FA /* DeckViewModel.swift */; };
		2E701F322BB3F06D00EF65FA /* DeckList.swift in Sources */ = {isa = PBXBuildFile; fileRef = 2E701F312BB3F06D00EF65FA /* DeckList.swift */; };
		2E701F342BB90F7A00EF65FA /* HomeView.swift in Sources */ = {isa = PBXBuildFile; fileRef = 2E701F332BB90F7A00EF65FA /* HomeView.swift */; };
		2E701F362BB9193500EF65FA /* OnboardView.swift in Sources */ = {isa = PBXBuildFile; fileRef = 2E701F352BB9193500EF65FA /* OnboardView.swift */; };
		2E701F382BBA816100EF65FA /* URLImageView.swift in Sources */ = {isa = PBXBuildFile; fileRef = 2E701F372BBA816100EF65FA /* URLImageView.swift */; };
		2E701F3A2BBB87C100EF65FA /* ContentView.swift in Sources */ = {isa = PBXBuildFile; fileRef = 2E701F392BBB87C100EF65FA /* ContentView.swift */; };
		2E701F3C2BBB883E00EF65FA /* CustomTabBar.swift in Sources */ = {isa = PBXBuildFile; fileRef = 2E701F3B2BBB883E00EF65FA /* CustomTabBar.swift */; };
		2E7882462BBBF6B800C55DE6 /* bookmarkDummy.swift in Sources */ = {isa = PBXBuildFile; fileRef = 2E7882452BBBF6B800C55DE6 /* bookmarkDummy.swift */; };
		2E7882482BBD224F00C55DE6 /* URLYoutubeView.swift in Sources */ = {isa = PBXBuildFile; fileRef = 2E7882472BBD224F00C55DE6 /* URLYoutubeView.swift */; };
		2E78824A2BBD228000C55DE6 /* DetailView.swift in Sources */ = {isa = PBXBuildFile; fileRef = 2E7882492BBD228000C55DE6 /* DetailView.swift */; };
		2E78824C2BBE73E900C55DE6 /* Launch Screen.storyboard in Resources */ = {isa = PBXBuildFile; fileRef = 2E78824B2BBE73E900C55DE6 /* Launch Screen.storyboard */; };
/* End PBXBuildFile section */

/* Begin PBXFileReference section */
		052D81BA2BBD40C500C8BB26 /* ExploreFilterView.swift */ = {isa = PBXFileReference; lastKnownFileType = sourcecode.swift; path = ExploreFilterView.swift; sourceTree = "<group>"; };
		052D81BE2BBD410200C8BB26 /* ExploreListView.swift */ = {isa = PBXFileReference; lastKnownFileType = sourcecode.swift; path = ExploreListView.swift; sourceTree = "<group>"; };
		054EB46C2BBDCDBF00DCC398 /* ExploreView.swift */ = {isa = PBXFileReference; lastKnownFileType = sourcecode.swift; path = ExploreView.swift; sourceTree = "<group>"; };
		054EB46E2BBDD5EA00DCC398 /* BookmarkView.swift */ = {isa = PBXFileReference; lastKnownFileType = sourcecode.swift; path = BookmarkView.swift; sourceTree = "<group>"; };
		054EB4702BBDDB5E00DCC398 /* SavedRecipeView.swift */ = {isa = PBXFileReference; lastKnownFileType = sourcecode.swift; path = SavedRecipeView.swift; sourceTree = "<group>"; };
		054EB4722BBDDE0A00DCC398 /* LeftRadius.swift */ = {isa = PBXFileReference; lastKnownFileType = sourcecode.swift; path = LeftRadius.swift; sourceTree = "<group>"; };
		054EB4742BBDDEB600DCC398 /* RightRadius.swift */ = {isa = PBXFileReference; lastKnownFileType = sourcecode.swift; path = RightRadius.swift; sourceTree = "<group>"; };
		054EB4762BBE0C6700DCC398 /* SavedDeckView.swift */ = {isa = PBXFileReference; lastKnownFileType = sourcecode.swift; path = SavedDeckView.swift; sourceTree = "<group>"; };
		2E701F092BAFDCE400EF65FA /* KosKita.app */ = {isa = PBXFileReference; explicitFileType = wrapper.application; includeInIndex = 0; path = KosKita.app; sourceTree = BUILT_PRODUCTS_DIR; };
		2E701F0C2BAFDCE400EF65FA /* KosKitaApp.swift */ = {isa = PBXFileReference; lastKnownFileType = sourcecode.swift; path = KosKitaApp.swift; sourceTree = "<group>"; };
		2E701F102BAFDCE600EF65FA /* Assets.xcassets */ = {isa = PBXFileReference; lastKnownFileType = folder.assetcatalog; path = Assets.xcassets; sourceTree = "<group>"; };
		2E701F132BAFDCE600EF65FA /* Preview Assets.xcassets */ = {isa = PBXFileReference; lastKnownFileType = folder.assetcatalog; path = "Preview Assets.xcassets"; sourceTree = "<group>"; };
		2E701F1E2BAFDE4C00EF65FA /* RecipeModel.swift */ = {isa = PBXFileReference; lastKnownFileType = sourcecode.swift; path = RecipeModel.swift; sourceTree = "<group>"; };
		2E701F202BAFE08800EF65FA /* RecipeViewModel.swift */ = {isa = PBXFileReference; lastKnownFileType = sourcecode.swift; path = RecipeViewModel.swift; sourceTree = "<group>"; };
		2E701F222BAFE65200EF65FA /* RecipeList.swift */ = {isa = PBXFileReference; lastKnownFileType = sourcecode.swift; path = RecipeList.swift; sourceTree = "<group>"; };
		2E701F242BAFE91E00EF65FA /* MainView.swift */ = {isa = PBXFileReference; lastKnownFileType = sourcecode.swift; path = MainView.swift; sourceTree = "<group>"; };
		2E701F2D2BB3EAA400EF65FA /* DeckModel.swift */ = {isa = PBXFileReference; lastKnownFileType = sourcecode.swift; path = DeckModel.swift; sourceTree = "<group>"; };
		2E701F2F2BB3ECD500EF65FA /* DeckViewModel.swift */ = {isa = PBXFileReference; lastKnownFileType = sourcecode.swift; path = DeckViewModel.swift; sourceTree = "<group>"; };
		2E701F312BB3F06D00EF65FA /* DeckList.swift */ = {isa = PBXFileReference; lastKnownFileType = sourcecode.swift; path = DeckList.swift; sourceTree = "<group>"; };
		2E701F332BB90F7A00EF65FA /* HomeView.swift */ = {isa = PBXFileReference; lastKnownFileType = sourcecode.swift; path = HomeView.swift; sourceTree = "<group>"; };
		2E701F352BB9193500EF65FA /* OnboardView.swift */ = {isa = PBXFileReference; lastKnownFileType = sourcecode.swift; path = OnboardView.swift; sourceTree = "<group>"; };
		2E701F372BBA816100EF65FA /* URLImageView.swift */ = {isa = PBXFileReference; lastKnownFileType = sourcecode.swift; path = URLImageView.swift; sourceTree = "<group>"; };
		2E701F392BBB87C100EF65FA /* ContentView.swift */ = {isa = PBXFileReference; lastKnownFileType = sourcecode.swift; path = ContentView.swift; sourceTree = "<group>"; };
		2E701F3B2BBB883E00EF65FA /* CustomTabBar.swift */ = {isa = PBXFileReference; lastKnownFileType = sourcecode.swift; path = CustomTabBar.swift; sourceTree = "<group>"; };
		2E7882452BBBF6B800C55DE6 /* bookmarkDummy.swift */ = {isa = PBXFileReference; lastKnownFileType = sourcecode.swift; path = bookmarkDummy.swift; sourceTree = "<group>"; };
		2E7882472BBD224F00C55DE6 /* URLYoutubeView.swift */ = {isa = PBXFileReference; lastKnownFileType = sourcecode.swift; path = URLYoutubeView.swift; sourceTree = "<group>"; };
		2E7882492BBD228000C55DE6 /* DetailView.swift */ = {isa = PBXFileReference; lastKnownFileType = sourcecode.swift; path = DetailView.swift; sourceTree = "<group>"; };
		2E78824B2BBE73E900C55DE6 /* Launch Screen.storyboard */ = {isa = PBXFileReference; lastKnownFileType = file.storyboard; path = "Launch Screen.storyboard"; sourceTree = "<group>"; };
/* End PBXFileReference section */

/* Begin PBXFrameworksBuildPhase section */
		2E701F062BAFDCE400EF65FA /* Frameworks */ = {
			isa = PBXFrameworksBuildPhase;
			buildActionMask = 2147483647;
			files = (
			);
			runOnlyForDeploymentPostprocessing = 0;
		};
/* End PBXFrameworksBuildPhase section */

/* Begin PBXGroup section */
		2E701F002BAFDCE400EF65FA = {
			isa = PBXGroup;
			children = (
				2E701F0B2BAFDCE400EF65FA /* KosKita */,
				2E701F0A2BAFDCE400EF65FA /* Products */,
			);
			sourceTree = "<group>";
		};
		2E701F0A2BAFDCE400EF65FA /* Products */ = {
			isa = PBXGroup;
			children = (
				2E701F092BAFDCE400EF65FA /* KosKita.app */,
			);
			name = Products;
			sourceTree = "<group>";
		};
		2E701F0B2BAFDCE400EF65FA /* KosKita */ = {
			isa = PBXGroup;
			children = (
				2E701F0C2BAFDCE400EF65FA /* KosKitaApp.swift */,
				2E701F1C2BAFDDD900EF65FA /* ViewModels */,
				2E701F1B2BAFDDD100EF65FA /* Models */,
				2E701F1A2BAFDDC500EF65FA /* Views */,
				2E701F102BAFDCE600EF65FA /* Assets.xcassets */,
				2E701F122BAFDCE600EF65FA /* Preview Content */,
			);
			path = KosKita;
			sourceTree = "<group>";
		};
		2E701F122BAFDCE600EF65FA /* Preview Content */ = {
			isa = PBXGroup;
			children = (
				2E701F132BAFDCE600EF65FA /* Preview Assets.xcassets */,
			);
			path = "Preview Content";
			sourceTree = "<group>";
		};
		2E701F1A2BAFDDC500EF65FA /* Views */ = {
			isa = PBXGroup;
			children = (
				2E701F1D2BAFDDE200EF65FA /* Components */,
				2E701F352BB9193500EF65FA /* OnboardView.swift */,
				2E701F242BAFE91E00EF65FA /* MainView.swift */,
				2E701F332BB90F7A00EF65FA /* HomeView.swift */,
				054EB46C2BBDCDBF00DCC398 /* ExploreView.swift */,
				2E7882492BBD228000C55DE6 /* DetailView.swift */,
				2E701F392BBB87C100EF65FA /* ContentView.swift */,
				054EB46E2BBDD5EA00DCC398 /* BookmarkView.swift */,
				2E7882452BBBF6B800C55DE6 /* bookmarkDummy.swift */,
				2E78824B2BBE73E900C55DE6 /* Launch Screen.storyboard */,
			);
			path = Views;
			sourceTree = "<group>";
		};
		2E701F1B2BAFDDD100EF65FA /* Models */ = {
			isa = PBXGroup;
			children = (
				2E701F1E2BAFDE4C00EF65FA /* RecipeModel.swift */,
				2E701F2D2BB3EAA400EF65FA /* DeckModel.swift */,
			);
			path = Models;
			sourceTree = "<group>";
		};
		2E701F1C2BAFDDD900EF65FA /* ViewModels */ = {
			isa = PBXGroup;
			children = (
				2E701F202BAFE08800EF65FA /* RecipeViewModel.swift */,
				2E701F2F2BB3ECD500EF65FA /* DeckViewModel.swift */,
			);
			path = ViewModels;
			sourceTree = "<group>";
		};
		2E701F1D2BAFDDE200EF65FA /* Components */ = {
			isa = PBXGroup;
			children = (
				2E701F222BAFE65200EF65FA /* RecipeList.swift */,
				2E701F312BB3F06D00EF65FA /* DeckList.swift */,
				2E701F3B2BBB883E00EF65FA /* CustomTabBar.swift */,
				2E7882472BBD224F00C55DE6 /* URLYoutubeView.swift */,
				2E701F372BBA816100EF65FA /* URLImageView.swift */,
				052D81BA2BBD40C500C8BB26 /* ExploreFilterView.swift */,
				052D81BE2BBD410200C8BB26 /* ExploreListView.swift */,
				054EB4702BBDDB5E00DCC398 /* SavedRecipeView.swift */,
				054EB4762BBE0C6700DCC398 /* SavedDeckView.swift */,
				054EB4722BBDDE0A00DCC398 /* LeftRadius.swift */,
				054EB4742BBDDEB600DCC398 /* RightRadius.swift */,
			);
			path = Components;
			sourceTree = "<group>";
		};
/* End PBXGroup section */

/* Begin PBXNativeTarget section */
		2E701F082BAFDCE400EF65FA /* KosKita */ = {
			isa = PBXNativeTarget;
			buildConfigurationList = 2E701F172BAFDCE600EF65FA /* Build configuration list for PBXNativeTarget "KosKita" */;
			buildPhases = (
				2E701F052BAFDCE400EF65FA /* Sources */,
				2E701F062BAFDCE400EF65FA /* Frameworks */,
				2E701F072BAFDCE400EF65FA /* Resources */,
			);
			buildRules = (
			);
			dependencies = (
			);
			name = KosKita;
			productName = KosKita;
			productReference = 2E701F092BAFDCE400EF65FA /* KosKita.app */;
			productType = "com.apple.product-type.application";
		};
/* End PBXNativeTarget section */

/* Begin PBXProject section */
		2E701F012BAFDCE400EF65FA /* Project object */ = {
			isa = PBXProject;
			attributes = {
				BuildIndependentTargetsInParallel = 1;
				LastSwiftUpdateCheck = 1520;
				LastUpgradeCheck = 1520;
				TargetAttributes = {
					2E701F082BAFDCE400EF65FA = {
						CreatedOnToolsVersion = 15.2;
					};
				};
			};
			buildConfigurationList = 2E701F042BAFDCE400EF65FA /* Build configuration list for PBXProject "KosKita" */;
			compatibilityVersion = "Xcode 14.0";
			developmentRegion = en;
			hasScannedForEncodings = 0;
			knownRegions = (
				en,
				Base,
			);
			mainGroup = 2E701F002BAFDCE400EF65FA;
			productRefGroup = 2E701F0A2BAFDCE400EF65FA /* Products */;
			projectDirPath = "";
			projectRoot = "";
			targets = (
				2E701F082BAFDCE400EF65FA /* KosKita */,
			);
		};
/* End PBXProject section */

/* Begin PBXResourcesBuildPhase section */
		2E701F072BAFDCE400EF65FA /* Resources */ = {
			isa = PBXResourcesBuildPhase;
			buildActionMask = 2147483647;
			files = (
				2E78824C2BBE73E900C55DE6 /* Launch Screen.storyboard in Resources */,
				2E701F142BAFDCE600EF65FA /* Preview Assets.xcassets in Resources */,
				2E701F112BAFDCE600EF65FA /* Assets.xcassets in Resources */,
			);
			runOnlyForDeploymentPostprocessing = 0;
		};
/* End PBXResourcesBuildPhase section */

/* Begin PBXSourcesBuildPhase section */
		2E701F052BAFDCE400EF65FA /* Sources */ = {
			isa = PBXSourcesBuildPhase;
			buildActionMask = 2147483647;
			files = (
				2E701F342BB90F7A00EF65FA /* HomeView.swift in Sources */,
				054EB4712BBDDB5E00DCC398 /* SavedRecipeView.swift in Sources */,
				2E701F212BAFE08800EF65FA /* RecipeViewModel.swift in Sources */,
				054EB4772BBE0C6700DCC398 /* SavedDeckView.swift in Sources */,
				2E701F3A2BBB87C100EF65FA /* ContentView.swift in Sources */,
				2E701F3C2BBB883E00EF65FA /* CustomTabBar.swift in Sources */,
				2E701F252BAFE91E00EF65FA /* MainView.swift in Sources */,
				2E701F232BAFE65200EF65FA /* RecipeList.swift in Sources */,
				054EB4752BBDDEB600DCC398 /* RightRadius.swift in Sources */,
				054EB46F2BBDD5EA00DCC398 /* BookmarkView.swift in Sources */,
				2E701F382BBA816100EF65FA /* URLImageView.swift in Sources */,
				2E701F0D2BAFDCE400EF65FA /* KosKitaApp.swift in Sources */,
				2E701F322BB3F06D00EF65FA /* DeckList.swift in Sources */,
				2E78824A2BBD228000C55DE6 /* DetailView.swift in Sources */,
				2E701F362BB9193500EF65FA /* OnboardView.swift in Sources */,
				2E701F2E2BB3EAA400EF65FA /* DeckModel.swift in Sources */,
				052D81BF2BBD410200C8BB26 /* ExploreListView.swift in Sources */,
				2E7882482BBD224F00C55DE6 /* URLYoutubeView.swift in Sources */,
				052D81BB2BBD40C500C8BB26 /* ExploreFilterView.swift in Sources */,
				2E701F302BB3ECD500EF65FA /* DeckViewModel.swift in Sources */,
				054EB4732BBDDE0A00DCC398 /* LeftRadius.swift in Sources */,
				2E7882462BBBF6B800C55DE6 /* bookmarkDummy.swift in Sources */,
				054EB46D2BBDCDBF00DCC398 /* ExploreView.swift in Sources */,
				2E701F1F2BAFDE4C00EF65FA /* RecipeModel.swift in Sources */,
			);
			runOnlyForDeploymentPostprocessing = 0;
		};
/* End PBXSourcesBuildPhase section */

/* Begin XCBuildConfiguration section */
		2E701F152BAFDCE600EF65FA /* Debug */ = {
			isa = XCBuildConfiguration;
			buildSettings = {
				ALWAYS_SEARCH_USER_PATHS = NO;
				ASSETCATALOG_COMPILER_GENERATE_SWIFT_ASSET_SYMBOL_EXTENSIONS = YES;
				CLANG_ANALYZER_NONNULL = YES;
				CLANG_ANALYZER_NUMBER_OBJECT_CONVERSION = YES_AGGRESSIVE;
				CLANG_CXX_LANGUAGE_STANDARD = "gnu++20";
				CLANG_ENABLE_MODULES = YES;
				CLANG_ENABLE_OBJC_ARC = YES;
				CLANG_ENABLE_OBJC_WEAK = YES;
				CLANG_WARN_BLOCK_CAPTURE_AUTORELEASING = YES;
				CLANG_WARN_BOOL_CONVERSION = YES;
				CLANG_WARN_COMMA = YES;
				CLANG_WARN_CONSTANT_CONVERSION = YES;
				CLANG_WARN_DEPRECATED_OBJC_IMPLEMENTATIONS = YES;
				CLANG_WARN_DIRECT_OBJC_ISA_USAGE = YES_ERROR;
				CLANG_WARN_DOCUMENTATION_COMMENTS = YES;
				CLANG_WARN_EMPTY_BODY = YES;
				CLANG_WARN_ENUM_CONVERSION = YES;
				CLANG_WARN_INFINITE_RECURSION = YES;
				CLANG_WARN_INT_CONVERSION = YES;
				CLANG_WARN_NON_LITERAL_NULL_CONVERSION = YES;
				CLANG_WARN_OBJC_IMPLICIT_RETAIN_SELF = YES;
				CLANG_WARN_OBJC_LITERAL_CONVERSION = YES;
				CLANG_WARN_OBJC_ROOT_CLASS = YES_ERROR;
				CLANG_WARN_QUOTED_INCLUDE_IN_FRAMEWORK_HEADER = YES;
				CLANG_WARN_RANGE_LOOP_ANALYSIS = YES;
				CLANG_WARN_STRICT_PROTOTYPES = YES;
				CLANG_WARN_SUSPICIOUS_MOVE = YES;
				CLANG_WARN_UNGUARDED_AVAILABILITY = YES_AGGRESSIVE;
				CLANG_WARN_UNREACHABLE_CODE = YES;
				CLANG_WARN__DUPLICATE_METHOD_MATCH = YES;
				COPY_PHASE_STRIP = NO;
				DEBUG_INFORMATION_FORMAT = dwarf;
				ENABLE_STRICT_OBJC_MSGSEND = YES;
				ENABLE_TESTABILITY = YES;
				ENABLE_USER_SCRIPT_SANDBOXING = YES;
				GCC_C_LANGUAGE_STANDARD = gnu17;
				GCC_DYNAMIC_NO_PIC = NO;
				GCC_NO_COMMON_BLOCKS = YES;
				GCC_OPTIMIZATION_LEVEL = 0;
				GCC_PREPROCESSOR_DEFINITIONS = (
					"DEBUG=1",
					"$(inherited)",
				);
				GCC_WARN_64_TO_32_BIT_CONVERSION = YES;
				GCC_WARN_ABOUT_RETURN_TYPE = YES_ERROR;
				GCC_WARN_UNDECLARED_SELECTOR = YES;
				GCC_WARN_UNINITIALIZED_AUTOS = YES_AGGRESSIVE;
				GCC_WARN_UNUSED_FUNCTION = YES;
				GCC_WARN_UNUSED_VARIABLE = YES;
				IPHONEOS_DEPLOYMENT_TARGET = 17.2;
				LOCALIZATION_PREFERS_STRING_CATALOGS = YES;
				MTL_ENABLE_DEBUG_INFO = INCLUDE_SOURCE;
				MTL_FAST_MATH = YES;
				ONLY_ACTIVE_ARCH = YES;
				SDKROOT = iphoneos;
				SWIFT_ACTIVE_COMPILATION_CONDITIONS = "DEBUG $(inherited)";
				SWIFT_OPTIMIZATION_LEVEL = "-Onone";
			};
			name = Debug;
		};
		2E701F162BAFDCE600EF65FA /* Release */ = {
			isa = XCBuildConfiguration;
			buildSettings = {
				ALWAYS_SEARCH_USER_PATHS = NO;
				ASSETCATALOG_COMPILER_GENERATE_SWIFT_ASSET_SYMBOL_EXTENSIONS = YES;
				CLANG_ANALYZER_NONNULL = YES;
				CLANG_ANALYZER_NUMBER_OBJECT_CONVERSION = YES_AGGRESSIVE;
				CLANG_CXX_LANGUAGE_STANDARD = "gnu++20";
				CLANG_ENABLE_MODULES = YES;
				CLANG_ENABLE_OBJC_ARC = YES;
				CLANG_ENABLE_OBJC_WEAK = YES;
				CLANG_WARN_BLOCK_CAPTURE_AUTORELEASING = YES;
				CLANG_WARN_BOOL_CONVERSION = YES;
				CLANG_WARN_COMMA = YES;
				CLANG_WARN_CONSTANT_CONVERSION = YES;
				CLANG_WARN_DEPRECATED_OBJC_IMPLEMENTATIONS = YES;
				CLANG_WARN_DIRECT_OBJC_ISA_USAGE = YES_ERROR;
				CLANG_WARN_DOCUMENTATION_COMMENTS = YES;
				CLANG_WARN_EMPTY_BODY = YES;
				CLANG_WARN_ENUM_CONVERSION = YES;
				CLANG_WARN_INFINITE_RECURSION = YES;
				CLANG_WARN_INT_CONVERSION = YES;
				CLANG_WARN_NON_LITERAL_NULL_CONVERSION = YES;
				CLANG_WARN_OBJC_IMPLICIT_RETAIN_SELF = YES;
				CLANG_WARN_OBJC_LITERAL_CONVERSION = YES;
				CLANG_WARN_OBJC_ROOT_CLASS = YES_ERROR;
				CLANG_WARN_QUOTED_INCLUDE_IN_FRAMEWORK_HEADER = YES;
				CLANG_WARN_RANGE_LOOP_ANALYSIS = YES;
				CLANG_WARN_STRICT_PROTOTYPES = YES;
				CLANG_WARN_SUSPICIOUS_MOVE = YES;
				CLANG_WARN_UNGUARDED_AVAILABILITY = YES_AGGRESSIVE;
				CLANG_WARN_UNREACHABLE_CODE = YES;
				CLANG_WARN__DUPLICATE_METHOD_MATCH = YES;
				COPY_PHASE_STRIP = NO;
				DEBUG_INFORMATION_FORMAT = "dwarf-with-dsym";
				ENABLE_NS_ASSERTIONS = NO;
				ENABLE_STRICT_OBJC_MSGSEND = YES;
				ENABLE_USER_SCRIPT_SANDBOXING = YES;
				GCC_C_LANGUAGE_STANDARD = gnu17;
				GCC_NO_COMMON_BLOCKS = YES;
				GCC_WARN_64_TO_32_BIT_CONVERSION = YES;
				GCC_WARN_ABOUT_RETURN_TYPE = YES_ERROR;
				GCC_WARN_UNDECLARED_SELECTOR = YES;
				GCC_WARN_UNINITIALIZED_AUTOS = YES_AGGRESSIVE;
				GCC_WARN_UNUSED_FUNCTION = YES;
				GCC_WARN_UNUSED_VARIABLE = YES;
				IPHONEOS_DEPLOYMENT_TARGET = 17.2;
				LOCALIZATION_PREFERS_STRING_CATALOGS = YES;
				MTL_ENABLE_DEBUG_INFO = NO;
				MTL_FAST_MATH = YES;
				SDKROOT = iphoneos;
				SWIFT_COMPILATION_MODE = wholemodule;
				VALIDATE_PRODUCT = YES;
			};
			name = Release;
		};
		2E701F182BAFDCE600EF65FA /* Debug */ = {
			isa = XCBuildConfiguration;
			buildSettings = {
				ASSETCATALOG_COMPILER_APPICON_NAME = AppIcon;
				ASSETCATALOG_COMPILER_GLOBAL_ACCENT_COLOR_NAME = AccentColor;
				CODE_SIGN_STYLE = Automatic;
				CURRENT_PROJECT_VERSION = 1;
				DEVELOPMENT_ASSET_PATHS = "\"KosKita/Preview Content\"";
				DEVELOPMENT_TEAM = C59QF2W8P6;
				ENABLE_PREVIEWS = YES;
				GENERATE_INFOPLIST_FILE = YES;
				INFOPLIST_KEY_CFBundleDisplayName = CutKost;
				INFOPLIST_KEY_UIApplicationSceneManifest_Generation = YES;
				INFOPLIST_KEY_UIApplicationSupportsIndirectInputEvents = YES;
				INFOPLIST_KEY_UILaunchScreen_Generation = YES;
				INFOPLIST_KEY_UISupportedInterfaceOrientations_iPad = "UIInterfaceOrientationPortrait UIInterfaceOrientationPortraitUpsideDown UIInterfaceOrientationLandscapeLeft UIInterfaceOrientationLandscapeRight";
				INFOPLIST_KEY_UISupportedInterfaceOrientations_iPhone = "UIInterfaceOrientationPortrait UIInterfaceOrientationLandscapeLeft UIInterfaceOrientationLandscapeRight";
				LD_RUNPATH_SEARCH_PATHS = (
					"$(inherited)",
					"@executable_path/Frameworks",
				);
				MARKETING_VERSION = 1.0;
				PRODUCT_BUNDLE_IDENTIFIER = mc1.KosKita;
				PRODUCT_NAME = "$(TARGET_NAME)";
				SWIFT_EMIT_LOC_STRINGS = YES;
				SWIFT_VERSION = 5.0;
				TARGETED_DEVICE_FAMILY = "1,2";
			};
			name = Debug;
		};
		2E701F192BAFDCE600EF65FA /* Release */ = {
			isa = XCBuildConfiguration;
			buildSettings = {
				ASSETCATALOG_COMPILER_APPICON_NAME = AppIcon;
				ASSETCATALOG_COMPILER_GLOBAL_ACCENT_COLOR_NAME = AccentColor;
				CODE_SIGN_STYLE = Automatic;
				CURRENT_PROJECT_VERSION = 1;
				DEVELOPMENT_ASSET_PATHS = "\"KosKita/Preview Content\"";
				DEVELOPMENT_TEAM = C59QF2W8P6;
				ENABLE_PREVIEWS = YES;
				GENERATE_INFOPLIST_FILE = YES;
				INFOPLIST_KEY_CFBundleDisplayName = CutKost;
				INFOPLIST_KEY_UIApplicationSceneManifest_Generation = YES;
				INFOPLIST_KEY_UIApplicationSupportsIndirectInputEvents = YES;
				INFOPLIST_KEY_UILaunchScreen_Generation = YES;
				INFOPLIST_KEY_UISupportedInterfaceOrientations_iPad = "UIInterfaceOrientationPortrait UIInterfaceOrientationPortraitUpsideDown UIInterfaceOrientationLandscapeLeft UIInterfaceOrientationLandscapeRight";
				INFOPLIST_KEY_UISupportedInterfaceOrientations_iPhone = "UIInterfaceOrientationPortrait UIInterfaceOrientationLandscapeLeft UIInterfaceOrientationLandscapeRight";
				LD_RUNPATH_SEARCH_PATHS = (
					"$(inherited)",
					"@executable_path/Frameworks",
				);
				MARKETING_VERSION = 1.0;
				PRODUCT_BUNDLE_IDENTIFIER = mc1.KosKita;
				PRODUCT_NAME = "$(TARGET_NAME)";
				SWIFT_EMIT_LOC_STRINGS = YES;
				SWIFT_VERSION = 5.0;
				TARGETED_DEVICE_FAMILY = "1,2";
			};
			name = Release;
		};
/* End XCBuildConfiguration section */

/* Begin XCConfigurationList section */
		2E701F042BAFDCE400EF65FA /* Build configuration list for PBXProject "KosKita" */ = {
			isa = XCConfigurationList;
			buildConfigurations = (
				2E701F152BAFDCE600EF65FA /* Debug */,
				2E701F162BAFDCE600EF65FA /* Release */,
			);
			defaultConfigurationIsVisible = 0;
			defaultConfigurationName = Release;
		};
		2E701F172BAFDCE600EF65FA /* Build configuration list for PBXNativeTarget "KosKita" */ = {
			isa = XCConfigurationList;
			buildConfigurations = (
				2E701F182BAFDCE600EF65FA /* Debug */,
				2E701F192BAFDCE600EF65FA /* Release */,
			);
			defaultConfigurationIsVisible = 0;
			defaultConfigurationName = Release;
		};
/* End XCConfigurationList section */
	};
	rootObject = 2E701F012BAFDCE400EF65FA /* Project object */;
}
